# This file is automatically @generated by Cargo.
# It is not intended for manual editing.
version = 4

[[package]]
name = "first_experiment"
version = "0.1.0"
dependencies = [
 "tui-banner",
]

[[package]]
name = "tui-banner"
version = "0.2.3"
source = "registry+https://github.com/rust-lang/crates.io-index"
checksum = "9d1b7ab5b95cec8f101330c65e98ae299d1a406bce12b9b5bf5208e35e1a40b8"
